
Microsoft Visual Studio Solution File, Format Version 12.00
# Visual Studio Version 17
VisualStudioVersion = 17.3.32929.385
MinimumVisualStudioVersion = 10.0.40219.1
Project("{9A19103F-16F7-4668-BE54-9A1E7A4F7556}") = "1-OlaMundo", "OlaMundo\1-OlaMundo.csproj", "{6EC6DC66-0CCF-49E1-97BE-2C48EF83E798}"
EndProject
Project("{9A19103F-16F7-4668-BE54-9A1E7A4F7556}") = "2-CriandoVariaveis", "2-CriandoVariaveis\2-CriandoVariaveis.csproj", "{07683488-D9AD-4B8A-AA42-8E458125A494}"
EndProject
Project("{9A19103F-16F7-4668-BE54-9A1E7A4F7556}") = "3-VariavelPontoFlutuante", "3-VariavelPontoFlutuante\3-VariavelPontoFlutuante.csproj", "{828EE3C9-D32F-44AE-A631-CE15F7D9B361}"
EndProject
Project("{9A19103F-16F7-4668-BE54-9A1E7A4F7556}") = "4-Conversao", "4-Conversao\4-Conversao.csproj", "{9A2123CB-93CF-486F-B75A-F62FF8C0DEB3}"
EndProject
Project("{9A19103F-16F7-4668-BE54-9A1E7A4F7556}") = "5-CaracteresETextos", "5-CaracteresETextos\5-CaracteresETextos.csproj", "{ABA76192-F3E9-4B3B-B937-5491C1B2EA54}"
EndProject
Project("{9A19103F-16F7-4668-BE54-9A1E7A4F7556}") = "6-VariavelString", "6-VariavelString\6-VariavelString.csproj", "{A0700550-0678-4A89-BF1E-8E78A28BB39B}"
EndProject
Project("{9A19103F-16F7-4668-BE54-9A1E7A4F7556}") = "7-AtribuirVariavel", "7-GuardarValor\7-AtribuirVariavel.csproj", "{179ED82B-DABC-4645-AFD0-524916516D87}"
EndProject
Project("{9A19103F-16F7-4668-BE54-9A1E7A4F7556}") = "8-Condicionais", "8-Condicionais\8-Condicionais.csproj", "{B176838C-247E-4E2A-8CE9-5EC5B649497C}"
EndProject
Project("{FAE04EC0-301F-11D3-BF4B-00C04F79EFBC}") = "9-CondicionalBooleano", "9-CondicionalBooleano\9-CondicionalBooleano.csproj", "{C841E6D0-6296-4C23-971B-005E93DAF431}"
EndProject
Project("{FAE04EC0-301F-11D3-BF4B-00C04F79EFBC}") = "10-Escopo", "10-Escopo\10-Escopo.csproj", "{3C91539C-8BDD-4353-8EAA-E06E35CA7471}"
EndProject
Project("{FAE04EC0-301F-11D3-BF4B-00C04F79EFBC}") = "Desafios", "Desafios\Desafios.csproj", "{E7B6E820-D582-4EC9-B67D-EEAABFDB3B72}"
EndProject
Project("{FAE04EC0-301F-11D3-BF4B-00C04F79EFBC}") = "11-CalculaPoupanca-While", "11-LacoRepeticao\11-CalculaPoupanca-While.csproj", "{414FC147-5B79-4CDD-B862-AF1A58050477}"
EndProject
Project("{FAE04EC0-301F-11D3-BF4B-00C04F79EFBC}") = "12-CalculaPoupanca2-For", "12-For\12-CalculaPoupanca2-For.csproj", "{B7746E87-8050-4782-833C-EB84444D28A7}"
EndProject
Project("{FAE04EC0-301F-11D3-BF4B-00C04F79EFBC}") = "13-InvestimentoLogoPrazo-For+For", "13-InvestimentoLogoPrazo\13-InvestimentoLogoPrazo-For+For.csproj", "{CD25CAA2-2F37-440B-9A27-D663E4C3F7C7}"
EndProject
Project("{FAE04EC0-301F-11D3-BF4B-00C04F79EFBC}") = "14-EncadeandoFor", "14-EncadeandoFor\14-EncadeandoFor.csproj", "{B8029EA8-FD76-44D4-BC87-A9D6B0C8D8DD}"
EndProject
Project("{FAE04EC0-301F-11D3-BF4B-00C04F79EFBC}") = "Desafio-LaçoRepeticaoWhile", "Desafio-LaçoRepeticaoWhile\Desafio-LaçoRepeticaoWhile.csproj", "{53172928-B700-4F6A-B9C7-ECA1B665A4D7}"
EndProject
Project("{FAE04EC0-301F-11D3-BF4B-00C04F79EFBC}") = "Desafio-LacoRepeticaoFor", "Desafio-LacoRepeticaoFor\Desafio-LacoRepeticaoFor.csproj", "{64434B51-FD34-474D-885F-7AC9BE06870C}"
EndProject
Project("{FAE04EC0-301F-11D3-BF4B-00C04F79EFBC}") = "Desafio-Fatorial-For", "Desafio-Fatorial\Desafio-Fatorial-For.csproj", "{984A9D8E-E7B7-4124-BACB-E104F576C410}"
EndProject
Global
	GlobalSection(SolutionConfigurationPlatforms) = preSolution
		Debug|Any CPU = Debug|Any CPU
		Release|Any CPU = Release|Any CPU
	EndGlobalSection
	GlobalSection(ProjectConfigurationPlatforms) = postSolution
		{6EC6DC66-0CCF-49E1-97BE-2C48EF83E798}.Debug|Any CPU.ActiveCfg = Debug|Any CPU
		{6EC6DC66-0CCF-49E1-97BE-2C48EF83E798}.Debug|Any CPU.Build.0 = Debug|Any CPU
		{6EC6DC66-0CCF-49E1-97BE-2C48EF83E798}.Release|Any CPU.ActiveCfg = Release|Any CPU
		{6EC6DC66-0CCF-49E1-97BE-2C48EF83E798}.Release|Any CPU.Build.0 = Release|Any CPU
		{07683488-D9AD-4B8A-AA42-8E458125A494}.Debug|Any CPU.ActiveCfg = Debug|Any CPU
		{07683488-D9AD-4B8A-AA42-8E458125A494}.Debug|Any CPU.Build.0 = Debug|Any CPU
		{07683488-D9AD-4B8A-AA42-8E458125A494}.Release|Any CPU.ActiveCfg = Release|Any CPU
		{07683488-D9AD-4B8A-AA42-8E458125A494}.Release|Any CPU.Build.0 = Release|Any CPU
		{828EE3C9-D32F-44AE-A631-CE15F7D9B361}.Debug|Any CPU.ActiveCfg = Debug|Any CPU
		{828EE3C9-D32F-44AE-A631-CE15F7D9B361}.Debug|Any CPU.Build.0 = Debug|Any CPU
		{828EE3C9-D32F-44AE-A631-CE15F7D9B361}.Release|Any CPU.ActiveCfg = Release|Any CPU
		{828EE3C9-D32F-44AE-A631-CE15F7D9B361}.Release|Any CPU.Build.0 = Release|Any CPU
		{9A2123CB-93CF-486F-B75A-F62FF8C0DEB3}.Debug|Any CPU.ActiveCfg = Debug|Any CPU
		{9A2123CB-93CF-486F-B75A-F62FF8C0DEB3}.Debug|Any CPU.Build.0 = Debug|Any CPU
		{9A2123CB-93CF-486F-B75A-F62FF8C0DEB3}.Release|Any CPU.ActiveCfg = Release|Any CPU
		{9A2123CB-93CF-486F-B75A-F62FF8C0DEB3}.Release|Any CPU.Build.0 = Release|Any CPU
		{ABA76192-F3E9-4B3B-B937-5491C1B2EA54}.Debug|Any CPU.ActiveCfg = Debug|Any CPU
		{ABA76192-F3E9-4B3B-B937-5491C1B2EA54}.Debug|Any CPU.Build.0 = Debug|Any CPU
		{ABA76192-F3E9-4B3B-B937-5491C1B2EA54}.Release|Any CPU.ActiveCfg = Release|Any CPU
		{ABA76192-F3E9-4B3B-B937-5491C1B2EA54}.Release|Any CPU.Build.0 = Release|Any CPU
		{A0700550-0678-4A89-BF1E-8E78A28BB39B}.Debug|Any CPU.ActiveCfg = Debug|Any CPU
		{A0700550-0678-4A89-BF1E-8E78A28BB39B}.Debug|Any CPU.Build.0 = Debug|Any CPU
		{A0700550-0678-4A89-BF1E-8E78A28BB39B}.Release|Any CPU.ActiveCfg = Release|Any CPU
		{A0700550-0678-4A89-BF1E-8E78A28BB39B}.Release|Any CPU.Build.0 = Release|Any CPU
		{179ED82B-DABC-4645-AFD0-524916516D87}.Debug|Any CPU.ActiveCfg = Debug|Any CPU
		{179ED82B-DABC-4645-AFD0-524916516D87}.Debug|Any CPU.Build.0 = Debug|Any CPU
		{179ED82B-DABC-4645-AFD0-524916516D87}.Release|Any CPU.ActiveCfg = Release|Any CPU
		{179ED82B-DABC-4645-AFD0-524916516D87}.Release|Any CPU.Build.0 = Release|Any CPU
		{B176838C-247E-4E2A-8CE9-5EC5B649497C}.Debug|Any CPU.ActiveCfg = Debug|Any CPU
		{B176838C-247E-4E2A-8CE9-5EC5B649497C}.Debug|Any CPU.Build.0 = Debug|Any CPU
		{B176838C-247E-4E2A-8CE9-5EC5B649497C}.Release|Any CPU.ActiveCfg = Release|Any CPU
		{B176838C-247E-4E2A-8CE9-5EC5B649497C}.Release|Any CPU.Build.0 = Release|Any CPU
		{C841E6D0-6296-4C23-971B-005E93DAF431}.Debug|Any CPU.ActiveCfg = Debug|Any CPU
		{C841E6D0-6296-4C23-971B-005E93DAF431}.Debug|Any CPU.Build.0 = Debug|Any CPU
		{C841E6D0-6296-4C23-971B-005E93DAF431}.Release|Any CPU.ActiveCfg = Release|Any CPU
		{C841E6D0-6296-4C23-971B-005E93DAF431}.Release|Any CPU.Build.0 = Release|Any CPU
		{3C91539C-8BDD-4353-8EAA-E06E35CA7471}.Debug|Any CPU.ActiveCfg = Debug|Any CPU
		{3C91539C-8BDD-4353-8EAA-E06E35CA7471}.Debug|Any CPU.Build.0 = Debug|Any CPU
		{3C91539C-8BDD-4353-8EAA-E06E35CA7471}.Release|Any CPU.ActiveCfg = Release|Any CPU
		{3C91539C-8BDD-4353-8EAA-E06E35CA7471}.Release|Any CPU.Build.0 = Release|Any CPU
		{E7B6E820-D582-4EC9-B67D-EEAABFDB3B72}.Debug|Any CPU.ActiveCfg = Debug|Any CPU
		{E7B6E820-D582-4EC9-B67D-EEAABFDB3B72}.Debug|Any CPU.Build.0 = Debug|Any CPU
		{E7B6E820-D582-4EC9-B67D-EEAABFDB3B72}.Release|Any CPU.ActiveCfg = Release|Any CPU
		{E7B6E820-D582-4EC9-B67D-EEAABFDB3B72}.Release|Any CPU.Build.0 = Release|Any CPU
		{414FC147-5B79-4CDD-B862-AF1A58050477}.Debug|Any CPU.ActiveCfg = Debug|Any CPU
		{414FC147-5B79-4CDD-B862-AF1A58050477}.Debug|Any CPU.Build.0 = Debug|Any CPU
		{414FC147-5B79-4CDD-B862-AF1A58050477}.Release|Any CPU.ActiveCfg = Release|Any CPU
		{414FC147-5B79-4CDD-B862-AF1A58050477}.Release|Any CPU.Build.0 = Release|Any CPU
		{B7746E87-8050-4782-833C-EB84444D28A7}.Debug|Any CPU.ActiveCfg = Debug|Any CPU
		{B7746E87-8050-4782-833C-EB84444D28A7}.Debug|Any CPU.Build.0 = Debug|Any CPU
		{B7746E87-8050-4782-833C-EB84444D28A7}.Release|Any CPU.ActiveCfg = Release|Any CPU
		{B7746E87-8050-4782-833C-EB84444D28A7}.Release|Any CPU.Build.0 = Release|Any CPU
		{CD25CAA2-2F37-440B-9A27-D663E4C3F7C7}.Debug|Any CPU.ActiveCfg = Debug|Any CPU
		{CD25CAA2-2F37-440B-9A27-D663E4C3F7C7}.Debug|Any CPU.Build.0 = Debug|Any CPU
		{CD25CAA2-2F37-440B-9A27-D663E4C3F7C7}.Release|Any CPU.ActiveCfg = Release|Any CPU
		{CD25CAA2-2F37-440B-9A27-D663E4C3F7C7}.Release|Any CPU.Build.0 = Release|Any CPU
		{B8029EA8-FD76-44D4-BC87-A9D6B0C8D8DD}.Debug|Any CPU.ActiveCfg = Debug|Any CPU
		{B8029EA8-FD76-44D4-BC87-A9D6B0C8D8DD}.Debug|Any CPU.Build.0 = Debug|Any CPU
		{B8029EA8-FD76-44D4-BC87-A9D6B0C8D8DD}.Release|Any CPU.ActiveCfg = Release|Any CPU
		{B8029EA8-FD76-44D4-BC87-A9D6B0C8D8DD}.Release|Any CPU.Build.0 = Release|Any CPU
		{53172928-B700-4F6A-B9C7-ECA1B665A4D7}.Debug|Any CPU.ActiveCfg = Debug|Any CPU
		{53172928-B700-4F6A-B9C7-ECA1B665A4D7}.Debug|Any CPU.Build.0 = Debug|Any CPU
		{53172928-B700-4F6A-B9C7-ECA1B665A4D7}.Release|Any CPU.ActiveCfg = Release|Any CPU
		{53172928-B700-4F6A-B9C7-ECA1B665A4D7}.Release|Any CPU.Build.0 = Release|Any CPU
		{64434B51-FD34-474D-885F-7AC9BE06870C}.Debug|Any CPU.ActiveCfg = Debug|Any CPU
		{64434B51-FD34-474D-885F-7AC9BE06870C}.Debug|Any CPU.Build.0 = Debug|Any CPU
		{64434B51-FD34-474D-885F-7AC9BE06870C}.Release|Any CPU.ActiveCfg = Release|Any CPU
		{64434B51-FD34-474D-885F-7AC9BE06870C}.Release|Any CPU.Build.0 = Release|Any CPU
		{984A9D8E-E7B7-4124-BACB-E104F576C410}.Debug|Any CPU.ActiveCfg = Debug|Any CPU
		{984A9D8E-E7B7-4124-BACB-E104F576C410}.Debug|Any CPU.Build.0 = Debug|Any CPU
		{984A9D8E-E7B7-4124-BACB-E104F576C410}.Release|Any CPU.ActiveCfg = Release|Any CPU
		{984A9D8E-E7B7-4124-BACB-E104F576C410}.Release|Any CPU.Build.0 = Release|Any CPU
	EndGlobalSection
	GlobalSection(SolutionProperties) = preSolution
		HideSolutionNode = FALSE
	EndGlobalSection
	GlobalSection(ExtensibilityGlobals) = postSolution
		SolutionGuid = {96955B06-2ADF-4A76-9D76-62F53D355811}
	EndGlobalSection
EndGlobal
